
Microsoft Visual Studio Solution File, Format Version 12.00
# Visual Studio Version 16
VisualStudioVersion = 16.0.29215.179
MinimumVisualStudioVersion = 10.0.40219.1
Project("{FAE04EC0-301F-11D3-BF4B-00C04F79EFBC}") = "Overseas", "Overseas\Overseas.csproj", "{38081BE9-DB7A-4598-8470-3262FF6CCAE5}"
EndProject
Project("{54435603-DBB4-11D2-8724-00A0C9A8B90C}") = "Overseas-setup", "..\..\setup\Overseas-setup\Overseas-setup.vdproj", "{A7855E13-29D7-4516-864B-16499AD3F656}"
EndProject
Global
	GlobalSection(SolutionConfigurationPlatforms) = preSolution
		Debug|Any CPU = Debug|Any CPU
		Release|Any CPU = Release|Any CPU
	EndGlobalSection
	GlobalSection(ProjectConfigurationPlatforms) = postSolution
		{38081BE9-DB7A-4598-8470-3262FF6CCAE5}.Debug|Any CPU.ActiveCfg = Debug|Any CPU
		{38081BE9-DB7A-4598-8470-3262FF6CCAE5}.Debug|Any CPU.Build.0 = Debug|Any CPU
		{38081BE9-DB7A-4598-8470-3262FF6CCAE5}.Release|Any CPU.ActiveCfg = Release|Any CPU
		{38081BE9-DB7A-4598-8470-3262FF6CCAE5}.Release|Any CPU.Build.0 = Release|Any CPU
		{A7855E13-29D7-4516-864B-16499AD3F656}.Debug|Any CPU.ActiveCfg = Release
		{A7855E13-29D7-4516-864B-16499AD3F656}.Release|Any CPU.ActiveCfg = Release
	EndGlobalSection
	GlobalSection(SolutionProperties) = preSolution
		HideSolutionNode = FALSE
	EndGlobalSection
	GlobalSection(ExtensibilityGlobals) = postSolution
		SolutionGuid = {4BEAF873-B7E1-4438-8E66-94F37DD8A951}
	EndGlobalSection
EndGlobal
